
Microsoft Visual Studio Solution File, Format Version 12.00
# Visual Studio Version 16
VisualStudioVersion = 16.0.29926.136
MinimumVisualStudioVersion = 10.0.40219.1
Project("{FAE04EC0-301F-11D3-BF4B-00C04F79EFBC}") = "Flashcards(Ver 1).Android", "Flashcards(Ver 1)\Flashcards(Ver 1).Android\Flashcards(Ver 1).Android.csproj", "{62904C9A-5748-4075-A32B-9EF73A2E8A25}"
EndProject
Project("{FAE04EC0-301F-11D3-BF4B-00C04F79EFBC}") = "Flashcards(Ver 1).iOS", "Flashcards(Ver 1)\Flashcards(Ver 1).iOS\Flashcards(Ver 1).iOS.csproj", "{209477C2-1957-4AFC-9104-49A43E5071DA}"
EndProject
Project("{FAE04EC0-301F-11D3-BF4B-00C04F79EFBC}") = "Flashcards(Ver 1)", "Flashcards(Ver 1)\Flashcards(Ver 1)\Flashcards(Ver 1).csproj", "{064AC7A3-D188-4104-80D7-8AD278872D8F}"
EndProject
Global
	GlobalSection(SolutionConfigurationPlatforms) = preSolution
		Debug|Any CPU = Debug|Any CPU
		Debug|iPhone = Debug|iPhone
		Debug|iPhoneSimulator = Debug|iPhoneSimulator
		Release|Any CPU = Release|Any CPU
		Release|iPhone = Release|iPhone
		Release|iPhoneSimulator = Release|iPhoneSimulator
	EndGlobalSection
	GlobalSection(ProjectConfigurationPlatforms) = postSolution
		{62904C9A-5748-4075-A32B-9EF73A2E8A25}.Debug|Any CPU.ActiveCfg = Debug|Any CPU
		{62904C9A-5748-4075-A32B-9EF73A2E8A25}.Debug|Any CPU.Build.0 = Debug|Any CPU
		{62904C9A-5748-4075-A32B-9EF73A2E8A25}.Debug|Any CPU.Deploy.0 = Debug|Any CPU
		{62904C9A-5748-4075-A32B-9EF73A2E8A25}.Debug|iPhone.ActiveCfg = Debug|Any CPU
		{62904C9A-5748-4075-A32B-9EF73A2E8A25}.Debug|iPhone.Build.0 = Debug|Any CPU
		{62904C9A-5748-4075-A32B-9EF73A2E8A25}.Debug|iPhone.Deploy.0 = Debug|Any CPU
		{62904C9A-5748-4075-A32B-9EF73A2E8A25}.Debug|iPhoneSimulator.ActiveCfg = Debug|Any CPU
		{62904C9A-5748-4075-A32B-9EF73A2E8A25}.Debug|iPhoneSimulator.Build.0 = Debug|Any CPU
		{62904C9A-5748-4075-A32B-9EF73A2E8A25}.Debug|iPhoneSimulator.Deploy.0 = Debug|Any CPU
		{62904C9A-5748-4075-A32B-9EF73A2E8A25}.Release|Any CPU.ActiveCfg = Release|Any CPU
		{62904C9A-5748-4075-A32B-9EF73A2E8A25}.Release|Any CPU.Build.0 = Release|Any CPU
		{62904C9A-5748-4075-A32B-9EF73A2E8A25}.Release|Any CPU.Deploy.0 = Release|Any CPU
		{62904C9A-5748-4075-A32B-9EF73A2E8A25}.Release|iPhone.ActiveCfg = Release|Any CPU
		{62904C9A-5748-4075-A32B-9EF73A2E8A25}.Release|iPhone.Build.0 = Release|Any CPU
		{62904C9A-5748-4075-A32B-9EF73A2E8A25}.Release|iPhone.Deploy.0 = Release|Any CPU
		{62904C9A-5748-4075-A32B-9EF73A2E8A25}.Release|iPhoneSimulator.ActiveCfg = Release|Any CPU
		{62904C9A-5748-4075-A32B-9EF73A2E8A25}.Release|iPhoneSimulator.Build.0 = Release|Any CPU
		{62904C9A-5748-4075-A32B-9EF73A2E8A25}.Release|iPhoneSimulator.Deploy.0 = Release|Any CPU
		{209477C2-1957-4AFC-9104-49A43E5071DA}.Debug|Any CPU.ActiveCfg = Debug|iPhone
		{209477C2-1957-4AFC-9104-49A43E5071DA}.Debug|Any CPU.Build.0 = Debug|iPhone
		{209477C2-1957-4AFC-9104-49A43E5071DA}.Debug|Any CPU.Deploy.0 = Debug|iPhone
		{209477C2-1957-4AFC-9104-49A43E5071DA}.Debug|iPhone.ActiveCfg = Debug|iPhone
		{209477C2-1957-4AFC-9104-49A43E5071DA}.Debug|iPhone.Build.0 = Debug|iPhone
		{209477C2-1957-4AFC-9104-49A43E5071DA}.Debug|iPhone.Deploy.0 = Debug|iPhone
		{209477C2-1957-4AFC-9104-49A43E5071DA}.Debug|iPhoneSimulator.ActiveCfg = Debug|iPhoneSimulator
		{209477C2-1957-4AFC-9104-49A43E5071DA}.Debug|iPhoneSimulator.Build.0 = Debug|iPhoneSimulator
		{209477C2-1957-4AFC-9104-49A43E5071DA}.Debug|iPhoneSimulator.Deploy.0 = Debug|iPhoneSimulator
		{209477C2-1957-4AFC-9104-49A43E5071DA}.Release|Any CPU.ActiveCfg = Release|iPhone
		{209477C2-1957-4AFC-9104-49A43E5071DA}.Release|Any CPU.Build.0 = Release|iPhone
		{209477C2-1957-4AFC-9104-49A43E5071DA}.Release|Any CPU.Deploy.0 = Release|iPhone
		{209477C2-1957-4AFC-9104-49A43E5071DA}.Release|iPhone.ActiveCfg = Release|iPhone
		{209477C2-1957-4AFC-9104-49A43E5071DA}.Release|iPhone.Build.0 = Release|iPhone
		{209477C2-1957-4AFC-9104-49A43E5071DA}.Release|iPhone.Deploy.0 = Release|iPhone
		{209477C2-1957-4AFC-9104-49A43E5071DA}.Release|iPhoneSimulator.ActiveCfg = Release|iPhoneSimulator
		{209477C2-1957-4AFC-9104-49A43E5071DA}.Release|iPhoneSimulator.Build.0 = Release|iPhoneSimulator
		{209477C2-1957-4AFC-9104-49A43E5071DA}.Release|iPhoneSimulator.Deploy.0 = Release|iPhoneSimulator
		{064AC7A3-D188-4104-80D7-8AD278872D8F}.Debug|Any CPU.ActiveCfg = Debug|Any CPU
		{064AC7A3-D188-4104-80D7-8AD278872D8F}.Debug|Any CPU.Build.0 = Debug|Any CPU
		{064AC7A3-D188-4104-80D7-8AD278872D8F}.Debug|Any CPU.Deploy.0 = Debug|Any CPU
		{064AC7A3-D188-4104-80D7-8AD278872D8F}.Debug|iPhone.ActiveCfg = Debug|Any CPU
		{064AC7A3-D188-4104-80D7-8AD278872D8F}.Debug|iPhone.Build.0 = Debug|Any CPU
		{064AC7A3-D188-4104-80D7-8AD278872D8F}.Debug|iPhone.Deploy.0 = Debug|Any CPU
		{064AC7A3-D188-4104-80D7-8AD278872D8F}.Debug|iPhoneSimulator.ActiveCfg = Debug|Any CPU
		{064AC7A3-D188-4104-80D7-8AD278872D8F}.Debug|iPhoneSimulator.Build.0 = Debug|Any CPU
		{064AC7A3-D188-4104-80D7-8AD278872D8F}.Debug|iPhoneSimulator.Deploy.0 = Debug|Any CPU
		{064AC7A3-D188-4104-80D7-8AD278872D8F}.Release|Any CPU.ActiveCfg = Release|Any CPU
		{064AC7A3-D188-4104-80D7-8AD278872D8F}.Release|Any CPU.Build.0 = Release|Any CPU
		{064AC7A3-D188-4104-80D7-8AD278872D8F}.Release|Any CPU.Deploy.0 = Release|Any CPU
		{064AC7A3-D188-4104-80D7-8AD278872D8F}.Release|iPhone.ActiveCfg = Release|Any CPU
		{064AC7A3-D188-4104-80D7-8AD278872D8F}.Release|iPhone.Build.0 = Release|Any CPU
		{064AC7A3-D188-4104-80D7-8AD278872D8F}.Release|iPhone.Deploy.0 = Release|Any CPU
		{064AC7A3-D188-4104-80D7-8AD278872D8F}.Release|iPhoneSimulator.ActiveCfg = Release|Any CPU
		{064AC7A3-D188-4104-80D7-8AD278872D8F}.Release|iPhoneSimulator.Build.0 = Release|Any CPU
		{064AC7A3-D188-4104-80D7-8AD278872D8F}.Release|iPhoneSimulator.Deploy.0 = Release|Any CPU
	EndGlobalSection
	GlobalSection(SolutionProperties) = preSolution
		HideSolutionNode = FALSE
	EndGlobalSection
	GlobalSection(ExtensibilityGlobals) = postSolution
		SolutionGuid = {F14BCC45-62A7-4DA1-9565-884C0F84C2B0}
	EndGlobalSection
EndGlobal
